{
  "name": "script",
  "version": "0.0.1",
  "lockfileVersion": 2,
  "requires": true,
  "packages": {
    "": {
      "name": "script",
      "version": "0.0.1",
      "license": "MIT",
      "dependencies": {
        "@chainsafe/persistent-merkle-tree": "^0.6.1",
        "@chainsafe/ssz": "^0.11.1",
        "@lodestar/api": "^1.11.0",
        "@lodestar/config": "^1.11.0",
        "@lodestar/params": "^1.11.0",
        "@lodestar/types": "^1.11.0"
      }
    },
    "node_modules/@chainsafe/as-sha256": {
      "version": "0.4.1",
      "resolved": "https://registry.npmjs.org/@chainsafe/as-sha256/-/as-sha256-0.4.1.tgz",
      "integrity": "sha512-IqeeGwQihK6Y2EYLFofqs2eY2ep1I2MvQXHzOAI+5iQN51OZlUkrLgyAugu2x86xZewDk5xas7lNczkzFzF62w=="
    },
    "node_modules/@chainsafe/persistent-merkle-tree": {
      "version": "0.6.1",
      "resolved": "https://registry.npmjs.org/@chainsafe/persistent-merkle-tree/-/persistent-merkle-tree-0.6.1.tgz",
      "integrity": "sha512-gcENLemRR13+1MED2NeZBMA7FRS0xQPM7L2vhMqvKkjqtFT4YfjSVADq5U0iLuQLhFUJEMVuA8fbv5v+TN6O9A==",
      "dependencies": {
        "@chainsafe/as-sha256": "^0.4.1",
        "@noble/hashes": "^1.3.0"
      }
    },
    "node_modules/@chainsafe/ssz": {
      "version": "0.11.1",
      "resolved": "https://registry.npmjs.org/@chainsafe/ssz/-/ssz-0.11.1.tgz",
      "integrity": "sha512-cB8dBkgGN6ZoeOKuk+rIRHKN0L5i9JLGeC0Lui71QX0TuLcQKwgbfkUexpyJxnGFatWf8yeJxlOjozMn/OTP0g==",
      "dependencies": {
        "@chainsafe/as-sha256": "^0.4.1",
        "@chainsafe/persistent-merkle-tree": "^0.6.1"
      }
    },
    "node_modules/@lodestar/api": {
      "version": "1.11.0",
      "resolved": "https://registry.npmjs.org/@lodestar/api/-/api-1.11.0.tgz",
      "integrity": "sha512-nAfMQv8mqsYTZOpLIOtv56Uvkp+W4hOcfVPS9LgdTFeVTBzZ3FeXivf1yYbcc5TpndgSKNtJ+M2E+ZLz8JOdFQ==",
      "dependencies": {
        "@chainsafe/persistent-merkle-tree": "^0.5.0",
        "@chainsafe/ssz": "^0.10.2",
        "@lodestar/config": "^1.11.0",
        "@lodestar/params": "^1.11.0",
        "@lodestar/types": "^1.11.0",
        "@lodestar/utils": "^1.11.0",
        "eventsource": "^2.0.2",
        "qs": "^6.11.1"
      }
    },
    "node_modules/@lodestar/api/node_modules/@chainsafe/as-sha256": {
      "version": "0.3.1",
      "resolved": "https://registry.npmjs.org/@chainsafe/as-sha256/-/as-sha256-0.3.1.tgz",
      "integrity": "sha512-hldFFYuf49ed7DAakWVXSJODuq3pzJEguD8tQ7h+sGkM18vja+OFoJI9krnGmgzyuZC2ETX0NOIcCTy31v2Mtg=="
    },
    "node_modules/@lodestar/api/node_modules/@chainsafe/persistent-merkle-tree": {
      "version": "0.5.0",
      "resolved": "https://registry.npmjs.org/@chainsafe/persistent-merkle-tree/-/persistent-merkle-tree-0.5.0.tgz",
      "integrity": "sha512-l0V1b5clxA3iwQLXP40zYjyZYospQLZXzBVIhhr9kDg/1qHZfzzHw0jj4VPBijfYCArZDlPkRi1wZaV2POKeuw==",
      "dependencies": {
        "@chainsafe/as-sha256": "^0.3.1"
      }
    },
    "node_modules/@lodestar/api/node_modules/@chainsafe/ssz": {
      "version": "0.10.2",
      "resolved": "https://registry.npmjs.org/@chainsafe/ssz/-/ssz-0.10.2.tgz",
      "integrity": "sha512-/NL3Lh8K+0q7A3LsiFq09YXS9fPE+ead2rr7vM2QK8PLzrNsw3uqrif9bpRX5UxgeRjM+vYi+boCM3+GM4ovXg==",
      "dependencies": {
        "@chainsafe/as-sha256": "^0.3.1",
        "@chainsafe/persistent-merkle-tree": "^0.5.0"
      }
    },
    "node_modules/@lodestar/config": {
      "version": "1.11.0",
      "resolved": "https://registry.npmjs.org/@lodestar/config/-/config-1.11.0.tgz",
      "integrity": "sha512-BWR9c/QCfXO+R7BGHXd4HkQy2gWOoCNy7oPfEFf0AKCGZYNhYMfbw7NRkmADXOjxUjoPdKtyJv70psDKoG5PNA==",
      "dependencies": {
        "@chainsafe/ssz": "^0.10.2",
        "@lodestar/params": "^1.11.0",
        "@lodestar/types": "^1.11.0"
      }
    },
    "node_modules/@lodestar/config/node_modules/@chainsafe/as-sha256": {
      "version": "0.3.1",
      "resolved": "https://registry.npmjs.org/@chainsafe/as-sha256/-/as-sha256-0.3.1.tgz",
      "integrity": "sha512-hldFFYuf49ed7DAakWVXSJODuq3pzJEguD8tQ7h+sGkM18vja+OFoJI9krnGmgzyuZC2ETX0NOIcCTy31v2Mtg=="
    },
    "node_modules/@lodestar/config/node_modules/@chainsafe/persistent-merkle-tree": {
      "version": "0.5.0",
      "resolved": "https://registry.npmjs.org/@chainsafe/persistent-merkle-tree/-/persistent-merkle-tree-0.5.0.tgz",
      "integrity": "sha512-l0V1b5clxA3iwQLXP40zYjyZYospQLZXzBVIhhr9kDg/1qHZfzzHw0jj4VPBijfYCArZDlPkRi1wZaV2POKeuw==",
      "dependencies": {
        "@chainsafe/as-sha256": "^0.3.1"
      }
    },
    "node_modules/@lodestar/config/node_modules/@chainsafe/ssz": {
      "version": "0.10.2",
      "resolved": "https://registry.npmjs.org/@chainsafe/ssz/-/ssz-0.10.2.tgz",
      "integrity": "sha512-/NL3Lh8K+0q7A3LsiFq09YXS9fPE+ead2rr7vM2QK8PLzrNsw3uqrif9bpRX5UxgeRjM+vYi+boCM3+GM4ovXg==",
      "dependencies": {
        "@chainsafe/as-sha256": "^0.3.1",
        "@chainsafe/persistent-merkle-tree": "^0.5.0"
      }
    },
    "node_modules/@lodestar/params": {
      "version": "1.11.0",
      "resolved": "https://registry.npmjs.org/@lodestar/params/-/params-1.11.0.tgz",
      "integrity": "sha512-wRTjuZ9K3JCkXRpTktmodASb/Kpejcrij4HPZU7ihRaQ6k6hgKHLCGW0DLDw/YSpQM30i1l0sY7McanOyEEOzg=="
    },
    "node_modules/@lodestar/types": {
      "version": "1.11.0",
      "resolved": "https://registry.npmjs.org/@lodestar/types/-/types-1.11.0.tgz",
      "integrity": "sha512-s+25b0ZeL5d9fXra991+NMwo8+VlYbDG2qiAc7YN890V2PjL376xYC3GgKYc1Yz7yG+VYWQRrnXK7jxoiHepkA==",
      "dependencies": {
        "@chainsafe/ssz": "^0.10.2",
        "@lodestar/params": "^1.11.0"
      }
    },
    "node_modules/@lodestar/types/node_modules/@chainsafe/as-sha256": {
      "version": "0.3.1",
      "resolved": "https://registry.npmjs.org/@chainsafe/as-sha256/-/as-sha256-0.3.1.tgz",
      "integrity": "sha512-hldFFYuf49ed7DAakWVXSJODuq3pzJEguD8tQ7h+sGkM18vja+OFoJI9krnGmgzyuZC2ETX0NOIcCTy31v2Mtg=="
    },
    "node_modules/@lodestar/types/node_modules/@chainsafe/persistent-merkle-tree": {
      "version": "0.5.0",
      "resolved": "https://registry.npmjs.org/@chainsafe/persistent-merkle-tree/-/persistent-merkle-tree-0.5.0.tgz",
      "integrity": "sha512-l0V1b5clxA3iwQLXP40zYjyZYospQLZXzBVIhhr9kDg/1qHZfzzHw0jj4VPBijfYCArZDlPkRi1wZaV2POKeuw==",
      "dependencies": {
        "@chainsafe/as-sha256": "^0.3.1"
      }
    },
    "node_modules/@lodestar/types/node_modules/@chainsafe/ssz": {
      "version": "0.10.2",
      "resolved": "https://registry.npmjs.org/@chainsafe/ssz/-/ssz-0.10.2.tgz",
      "integrity": "sha512-/NL3Lh8K+0q7A3LsiFq09YXS9fPE+ead2rr7vM2QK8PLzrNsw3uqrif9bpRX5UxgeRjM+vYi+boCM3+GM4ovXg==",
      "dependencies": {
        "@chainsafe/as-sha256": "^0.3.1",
        "@chainsafe/persistent-merkle-tree": "^0.5.0"
      }
    },
    "node_modules/@lodestar/utils": {
      "version": "1.11.0",
      "resolved": "https://registry.npmjs.org/@lodestar/utils/-/utils-1.11.0.tgz",
      "integrity": "sha512-0A89UTCcr/Ysz02vhPyE+Ds1P1GoSOAsfh+UK7qA1Jg6T/ywKOTH528+5fSuZ8Il2XGBPMe60Nwt4fq5QEFb+A==",
      "dependencies": {
        "@chainsafe/as-sha256": "^0.3.1",
        "any-signal": "3.0.1",
        "bigint-buffer": "^1.1.5",
        "case": "^1.6.3",
        "chalk": "^5.2.0",
        "js-yaml": "^4.1.0"
      }
    },
    "node_modules/@lodestar/utils/node_modules/@chainsafe/as-sha256": {
      "version": "0.3.1",
      "resolved": "https://registry.npmjs.org/@chainsafe/as-sha256/-/as-sha256-0.3.1.tgz",
      "integrity": "sha512-hldFFYuf49ed7DAakWVXSJODuq3pzJEguD8tQ7h+sGkM18vja+OFoJI9krnGmgzyuZC2ETX0NOIcCTy31v2Mtg=="
    },
    "node_modules/@noble/hashes": {
      "version": "1.3.2",
      "resolved": "https://registry.npmjs.org/@noble/hashes/-/hashes-1.3.2.tgz",
      "integrity": "sha512-MVC8EAQp7MvEcm30KWENFjgR+Mkmf+D189XJTkFIlwohU5hcBbn1ZkKq7KVTi2Hme3PMGF390DaL52beVrIihQ==",
      "engines": {
        "node": ">= 16"
      },
      "funding": {
        "url": "https://paulmillr.com/funding/"
      }
    },
    "node_modules/any-signal": {
      "version": "3.0.1",
      "resolved": "https://registry.npmjs.org/any-signal/-/any-signal-3.0.1.tgz",
      "integrity": "sha512-xgZgJtKEa9YmDqXodIgl7Fl1C8yNXr8w6gXjqK3LW4GcEiYT+6AQfJSE/8SPsEpLLmcvbv8YU+qet94UewHxqg=="
    },
    "node_modules/argparse": {
      "version": "2.0.1",
      "resolved": "https://registry.npmjs.org/argparse/-/argparse-2.0.1.tgz",
      "integrity": "sha512-8+9WqebbFzpX9OR+Wa6O29asIogeRMzcGtAINdpMHHyAg10f05aSFVBbcEqGf/PXw1EjAZ+q2/bEBg3DvurK3Q=="
    },
    "node_modules/bigint-buffer": {
      "version": "1.1.5",
      "resolved": "https://registry.npmjs.org/bigint-buffer/-/bigint-buffer-1.1.5.tgz",
      "integrity": "sha512-trfYco6AoZ+rKhKnxA0hgX0HAbVP/s808/EuDSe2JDzUnCp/xAsli35Orvk67UrTEcwuxZqYZDmfA2RXJgxVvA==",
      "hasInstallScript": true,
      "dependencies": {
        "bindings": "^1.3.0"
      },
      "engines": {
        "node": ">= 10.0.0"
      }
    },
    "node_modules/bindings": {
      "version": "1.5.0",
      "resolved": "https://registry.npmjs.org/bindings/-/bindings-1.5.0.tgz",
      "integrity": "sha512-p2q/t/mhvuOj/UeLlV6566GD/guowlr0hHxClI0W9m7MWYkL1F0hLo+0Aexs9HSPCtR1SXQ0TD3MMKrXZajbiQ==",
      "dependencies": {
        "file-uri-to-path": "1.0.0"
      }
    },
    "node_modules/call-bind": {
      "version": "1.0.2",
      "resolved": "https://registry.npmjs.org/call-bind/-/call-bind-1.0.2.tgz",
      "integrity": "sha512-7O+FbCihrB5WGbFYesctwmTKae6rOiIzmz1icreWJ+0aA7LJfuqhEso2T9ncpcFtzMQtzXf2QGGueWJGTYsqrA==",
      "dependencies": {
        "function-bind": "^1.1.1",
        "get-intrinsic": "^1.0.2"
      },
      "funding": {
        "url": "https://github.com/sponsors/ljharb"
      }
    },
    "node_modules/case": {
      "version": "1.6.3",
      "resolved": "https://registry.npmjs.org/case/-/case-1.6.3.tgz",
      "integrity": "sha512-mzDSXIPaFwVDvZAHqZ9VlbyF4yyXRuX6IvB06WvPYkqJVO24kX1PPhv9bfpKNFZyxYFmmgo03HUiD8iklmJYRQ==",
      "engines": {
        "node": ">= 0.8.0"
      }
    },
    "node_modules/chalk": {
      "version": "5.3.0",
      "resolved": "https://registry.npmjs.org/chalk/-/chalk-5.3.0.tgz",
      "integrity": "sha512-dLitG79d+GV1Nb/VYcCDFivJeK1hiukt9QjRNVOsUtTy1rR1YJsmpGGTZ3qJos+uw7WmWF4wUwBd9jxjocFC2w==",
      "engines": {
        "node": "^12.17.0 || ^14.13 || >=16.0.0"
      },
      "funding": {
        "url": "https://github.com/chalk/chalk?sponsor=1"
      }
    },
    "node_modules/eventsource": {
      "version": "2.0.2",
      "resolved": "https://registry.npmjs.org/eventsource/-/eventsource-2.0.2.tgz",
      "integrity": "sha512-IzUmBGPR3+oUG9dUeXynyNmf91/3zUSJg1lCktzKw47OXuhco54U3r9B7O4XX+Rb1Itm9OZ2b0RkTs10bICOxA==",
      "engines": {
        "node": ">=12.0.0"
      }
    },
    "node_modules/file-uri-to-path": {
      "version": "1.0.0",
      "resolved": "https://registry.npmjs.org/file-uri-to-path/-/file-uri-to-path-1.0.0.tgz",
      "integrity": "sha512-0Zt+s3L7Vf1biwWZ29aARiVYLx7iMGnEUl9x33fbB/j3jR81u/O2LbqK+Bm1CDSNDKVtJ/YjwY7TUd5SkeLQLw=="
    },
    "node_modules/function-bind": {
      "version": "1.1.1",
      "resolved": "https://registry.npmjs.org/function-bind/-/function-bind-1.1.1.tgz",
      "integrity": "sha512-yIovAzMX49sF8Yl58fSCWJ5svSLuaibPxXQJFLmBObTuCr0Mf1KiPopGM9NiFjiYBCbfaa2Fh6breQ6ANVTI0A=="
    },
    "node_modules/get-intrinsic": {
      "version": "1.2.1",
      "resolved": "https://registry.npmjs.org/get-intrinsic/-/get-intrinsic-1.2.1.tgz",
      "integrity": "sha512-2DcsyfABl+gVHEfCOaTrWgyt+tb6MSEGmKq+kI5HwLbIYgjgmMcV8KQ41uaKz1xxUcn9tJtgFbQUEVcEbd0FYw==",
      "dependencies": {
        "function-bind": "^1.1.1",
        "has": "^1.0.3",
        "has-proto": "^1.0.1",
        "has-symbols": "^1.0.3"
      },
      "funding": {
        "url": "https://github.com/sponsors/ljharb"
      }
    },
    "node_modules/has": {
      "version": "1.0.3",
      "resolved": "https://registry.npmjs.org/has/-/has-1.0.3.tgz",
      "integrity": "sha512-f2dvO0VU6Oej7RkWJGrehjbzMAjFp5/VKPp5tTpWIV4JHHZK1/BxbFRtf/siA2SWTe09caDmVtYYzWEIbBS4zw==",
      "dependencies": {
        "function-bind": "^1.1.1"
      },
      "engines": {
        "node": ">= 0.4.0"
      }
    },
    "node_modules/has-proto": {
      "version": "1.0.1",
      "resolved": "https://registry.npmjs.org/has-proto/-/has-proto-1.0.1.tgz",
      "integrity": "sha512-7qE+iP+O+bgF9clE5+UoBFzE65mlBiVj3tKCrlNQ0Ogwm0BjpT/gK4SlLYDMybDh5I3TCTKnPPa0oMG7JDYrhg==",
      "engines": {
        "node": ">= 0.4"
      },
      "funding": {
        "url": "https://github.com/sponsors/ljharb"
      }
    },
    "node_modules/has-symbols": {
      "version": "1.0.3",
      "resolved": "https://registry.npmjs.org/has-symbols/-/has-symbols-1.0.3.tgz",
      "integrity": "sha512-l3LCuF6MgDNwTDKkdYGEihYjt5pRPbEg46rtlmnSPlUbgmB8LOIrKJbYYFBSbnPaJexMKtiPO8hmeRjRz2Td+A==",
      "engines": {
        "node": ">= 0.4"
      },
      "funding": {
        "url": "https://github.com/sponsors/ljharb"
      }
    },
    "node_modules/js-yaml": {
      "version": "4.1.0",
      "resolved": "https://registry.npmjs.org/js-yaml/-/js-yaml-4.1.0.tgz",
      "integrity": "sha512-wpxZs9NoxZaJESJGIZTyDEaYpl0FKSA+FB9aJiyemKhMwkxQg63h4T1KJgUGHpTqPDNRcmmYLugrRjJlBtWvRA==",
      "dependencies": {
        "argparse": "^2.0.1"
      },
      "bin": {
        "js-yaml": "bin/js-yaml.js"
      }
    },
    "node_modules/object-inspect": {
      "version": "1.12.3",
      "resolved": "https://registry.npmjs.org/object-inspect/-/object-inspect-1.12.3.tgz",
      "integrity": "sha512-geUvdk7c+eizMNUDkRpW1wJwgfOiOeHbxBR/hLXK1aT6zmVSO0jsQcs7fj6MGw89jC/cjGfLcNOrtMYtGqm81g==",
      "funding": {
        "url": "https://github.com/sponsors/ljharb"
      }
    },
    "node_modules/qs": {
      "version": "6.11.2",
      "resolved": "https://registry.npmjs.org/qs/-/qs-6.11.2.tgz",
      "integrity": "sha512-tDNIz22aBzCDxLtVH++VnTfzxlfeK5CbqohpSqpJgj1Wg/cQbStNAz3NuqCs5vV+pjBsK4x4pN9HlVh7rcYRiA==",
      "dependencies": {
        "side-channel": "^1.0.4"
      },
      "engines": {
        "node": ">=0.6"
      },
      "funding": {
        "url": "https://github.com/sponsors/ljharb"
      }
    },
    "node_modules/side-channel": {
      "version": "1.0.4",
      "resolved": "https://registry.npmjs.org/side-channel/-/side-channel-1.0.4.tgz",
      "integrity": "sha512-q5XPytqFEIKHkGdiMIrY10mvLRvnQh42/+GoBlFW3b2LXLE2xxJpZFdm94we0BaoV3RwJyGqg5wS7epxTv0Zvw==",
      "dependencies": {
        "call-bind": "^1.0.0",
        "get-intrinsic": "^1.0.2",
        "object-inspect": "^1.9.0"
      },
      "funding": {
        "url": "https://github.com/sponsors/ljharb"
      }
    }
  },
  "dependencies": {
    "@chainsafe/as-sha256": {
      "version": "0.4.1",
      "resolved": "https://registry.npmjs.org/@chainsafe/as-sha256/-/as-sha256-0.4.1.tgz",
      "integrity": "sha512-IqeeGwQihK6Y2EYLFofqs2eY2ep1I2MvQXHzOAI+5iQN51OZlUkrLgyAugu2x86xZewDk5xas7lNczkzFzF62w=="
    },
    "@chainsafe/persistent-merkle-tree": {
      "version": "0.6.1",
      "resolved": "https://registry.npmjs.org/@chainsafe/persistent-merkle-tree/-/persistent-merkle-tree-0.6.1.tgz",
      "integrity": "sha512-gcENLemRR13+1MED2NeZBMA7FRS0xQPM7L2vhMqvKkjqtFT4YfjSVADq5U0iLuQLhFUJEMVuA8fbv5v+TN6O9A==",
      "requires": {
        "@chainsafe/as-sha256": "^0.4.1",
        "@noble/hashes": "^1.3.0"
      }
    },
    "@chainsafe/ssz": {
      "version": "0.11.1",
      "resolved": "https://registry.npmjs.org/@chainsafe/ssz/-/ssz-0.11.1.tgz",
      "integrity": "sha512-cB8dBkgGN6ZoeOKuk+rIRHKN0L5i9JLGeC0Lui71QX0TuLcQKwgbfkUexpyJxnGFatWf8yeJxlOjozMn/OTP0g==",
      "requires": {
        "@chainsafe/as-sha256": "^0.4.1",
        "@chainsafe/persistent-merkle-tree": "^0.6.1"
      }
    },
    "@lodestar/api": {
      "version": "1.11.0",
      "resolved": "https://registry.npmjs.org/@lodestar/api/-/api-1.11.0.tgz",
      "integrity": "sha512-nAfMQv8mqsYTZOpLIOtv56Uvkp+W4hOcfVPS9LgdTFeVTBzZ3FeXivf1yYbcc5TpndgSKNtJ+M2E+ZLz8JOdFQ==",
      "requires": {
        "@chainsafe/persistent-merkle-tree": "^0.5.0",
        "@chainsafe/ssz": "^0.10.2",
        "@lodestar/config": "^1.11.0",
        "@lodestar/params": "^1.11.0",
        "@lodestar/types": "^1.11.0",
        "@lodestar/utils": "^1.11.0",
        "eventsource": "^2.0.2",
        "qs": "^6.11.1"
      },
      "dependencies": {
        "@chainsafe/as-sha256": {
          "version": "0.3.1",
          "resolved": "https://registry.npmjs.org/@chainsafe/as-sha256/-/as-sha256-0.3.1.tgz",
          "integrity": "sha512-hldFFYuf49ed7DAakWVXSJODuq3pzJEguD8tQ7h+sGkM18vja+OFoJI9krnGmgzyuZC2ETX0NOIcCTy31v2Mtg=="
        },
        "@chainsafe/persistent-merkle-tree": {
          "version": "0.5.0",
          "resolved": "https://registry.npmjs.org/@chainsafe/persistent-merkle-tree/-/persistent-merkle-tree-0.5.0.tgz",
          "integrity": "sha512-l0V1b5clxA3iwQLXP40zYjyZYospQLZXzBVIhhr9kDg/1qHZfzzHw0jj4VPBijfYCArZDlPkRi1wZaV2POKeuw==",
          "requires": {
            "@chainsafe/as-sha256": "^0.3.1"
          }
        },
        "@chainsafe/ssz": {
          "version": "0.10.2",
          "resolved": "https://registry.npmjs.org/@chainsafe/ssz/-/ssz-0.10.2.tgz",
          "integrity": "sha512-/NL3Lh8K+0q7A3LsiFq09YXS9fPE+ead2rr7vM2QK8PLzrNsw3uqrif9bpRX5UxgeRjM+vYi+boCM3+GM4ovXg==",
          "requires": {
            "@chainsafe/as-sha256": "^0.3.1",
            "@chainsafe/persistent-merkle-tree": "^0.5.0"
          }
        }
      }
    },
    "@lodestar/config": {
      "version": "1.11.0",
      "resolved": "https://registry.npmjs.org/@lodestar/config/-/config-1.11.0.tgz",
      "integrity": "sha512-BWR9c/QCfXO+R7BGHXd4HkQy2gWOoCNy7oPfEFf0AKCGZYNhYMfbw7NRkmADXOjxUjoPdKtyJv70psDKoG5PNA==",
      "requires": {
        "@chainsafe/ssz": "^0.10.2",
        "@lodestar/params": "^1.11.0",
        "@lodestar/types": "^1.11.0"
      },
      "dependencies": {
        "@chainsafe/as-sha256": {
          "version": "0.3.1",
          "resolved": "https://registry.npmjs.org/@chainsafe/as-sha256/-/as-sha256-0.3.1.tgz",
          "integrity": "sha512-hldFFYuf49ed7DAakWVXSJODuq3pzJEguD8tQ7h+sGkM18vja+OFoJI9krnGmgzyuZC2ETX0NOIcCTy31v2Mtg=="
        },
        "@chainsafe/persistent-merkle-tree": {
          "version": "0.5.0",
          "resolved": "https://registry.npmjs.org/@chainsafe/persistent-merkle-tree/-/persistent-merkle-tree-0.5.0.tgz",
          "integrity": "sha512-l0V1b5clxA3iwQLXP40zYjyZYospQLZXzBVIhhr9kDg/1qHZfzzHw0jj4VPBijfYCArZDlPkRi1wZaV2POKeuw==",
          "requires": {
            "@chainsafe/as-sha256": "^0.3.1"
          }
        },
        "@chainsafe/ssz": {
          "version": "0.10.2",
          "resolved": "https://registry.npmjs.org/@chainsafe/ssz/-/ssz-0.10.2.tgz",
          "integrity": "sha512-/NL3Lh8K+0q7A3LsiFq09YXS9fPE+ead2rr7vM2QK8PLzrNsw3uqrif9bpRX5UxgeRjM+vYi+boCM3+GM4ovXg==",
          "requires": {
            "@chainsafe/as-sha256": "^0.3.1",
            "@chainsafe/persistent-merkle-tree": "^0.5.0"
          }
        }
      }
    },
    "@lodestar/params": {
      "version": "1.11.0",
      "resolved": "https://registry.npmjs.org/@lodestar/params/-/params-1.11.0.tgz",
      "integrity": "sha512-wRTjuZ9K3JCkXRpTktmodASb/Kpejcrij4HPZU7ihRaQ6k6hgKHLCGW0DLDw/YSpQM30i1l0sY7McanOyEEOzg=="
    },
    "@lodestar/types": {
      "version": "1.11.0",
      "resolved": "https://registry.npmjs.org/@lodestar/types/-/types-1.11.0.tgz",
      "integrity": "sha512-s+25b0ZeL5d9fXra991+NMwo8+VlYbDG2qiAc7YN890V2PjL376xYC3GgKYc1Yz7yG+VYWQRrnXK7jxoiHepkA==",
      "requires": {
        "@chainsafe/ssz": "^0.10.2",
        "@lodestar/params": "^1.11.0"
      },
      "dependencies": {
        "@chainsafe/as-sha256": {
          "version": "0.3.1",
          "resolved": "https://registry.npmjs.org/@chainsafe/as-sha256/-/as-sha256-0.3.1.tgz",
          "integrity": "sha512-hldFFYuf49ed7DAakWVXSJODuq3pzJEguD8tQ7h+sGkM18vja+OFoJI9krnGmgzyuZC2ETX0NOIcCTy31v2Mtg=="
        },
        "@chainsafe/persistent-merkle-tree": {
          "version": "0.5.0",
          "resolved": "https://registry.npmjs.org/@chainsafe/persistent-merkle-tree/-/persistent-merkle-tree-0.5.0.tgz",
          "integrity": "sha512-l0V1b5clxA3iwQLXP40zYjyZYospQLZXzBVIhhr9kDg/1qHZfzzHw0jj4VPBijfYCArZDlPkRi1wZaV2POKeuw==",
          "requires": {
            "@chainsafe/as-sha256": "^0.3.1"
          }
        },
        "@chainsafe/ssz": {
          "version": "0.10.2",
          "resolved": "https://registry.npmjs.org/@chainsafe/ssz/-/ssz-0.10.2.tgz",
          "integrity": "sha512-/NL3Lh8K+0q7A3LsiFq09YXS9fPE+ead2rr7vM2QK8PLzrNsw3uqrif9bpRX5UxgeRjM+vYi+boCM3+GM4ovXg==",
          "requires": {
            "@chainsafe/as-sha256": "^0.3.1",
            "@chainsafe/persistent-merkle-tree": "^0.5.0"
          }
        }
      }
    },
    "@lodestar/utils": {
      "version": "1.11.0",
      "resolved": "https://registry.npmjs.org/@lodestar/utils/-/utils-1.11.0.tgz",
      "integrity": "sha512-0A89UTCcr/Ysz02vhPyE+Ds1P1GoSOAsfh+UK7qA1Jg6T/ywKOTH528+5fSuZ8Il2XGBPMe60Nwt4fq5QEFb+A==",
      "requires": {
        "@chainsafe/as-sha256": "^0.3.1",
        "any-signal": "3.0.1",
        "bigint-buffer": "^1.1.5",
        "case": "^1.6.3",
        "chalk": "^5.2.0",
        "js-yaml": "^4.1.0"
      },
      "dependencies": {
        "@chainsafe/as-sha256": {
          "version": "0.3.1",
          "resolved": "https://registry.npmjs.org/@chainsafe/as-sha256/-/as-sha256-0.3.1.tgz",
          "integrity": "sha512-hldFFYuf49ed7DAakWVXSJODuq3pzJEguD8tQ7h+sGkM18vja+OFoJI9krnGmgzyuZC2ETX0NOIcCTy31v2Mtg=="
        }
      }
    },
    "@noble/hashes": {
      "version": "1.3.2",
      "resolved": "https://registry.npmjs.org/@noble/hashes/-/hashes-1.3.2.tgz",
      "integrity": "sha512-MVC8EAQp7MvEcm30KWENFjgR+Mkmf+D189XJTkFIlwohU5hcBbn1ZkKq7KVTi2Hme3PMGF390DaL52beVrIihQ=="
    },
    "any-signal": {
      "version": "3.0.1",
      "resolved": "https://registry.npmjs.org/any-signal/-/any-signal-3.0.1.tgz",
      "integrity": "sha512-xgZgJtKEa9YmDqXodIgl7Fl1C8yNXr8w6gXjqK3LW4GcEiYT+6AQfJSE/8SPsEpLLmcvbv8YU+qet94UewHxqg=="
    },
    "argparse": {
      "version": "2.0.1",
      "resolved": "https://registry.npmjs.org/argparse/-/argparse-2.0.1.tgz",
      "integrity": "sha512-8+9WqebbFzpX9OR+Wa6O29asIogeRMzcGtAINdpMHHyAg10f05aSFVBbcEqGf/PXw1EjAZ+q2/bEBg3DvurK3Q=="
    },
    "bigint-buffer": {
      "version": "1.1.5",
      "resolved": "https://registry.npmjs.org/bigint-buffer/-/bigint-buffer-1.1.5.tgz",
      "integrity": "sha512-trfYco6AoZ+rKhKnxA0hgX0HAbVP/s808/EuDSe2JDzUnCp/xAsli35Orvk67UrTEcwuxZqYZDmfA2RXJgxVvA==",
      "requires": {
        "bindings": "^1.3.0"
      }
    },
    "bindings": {
      "version": "1.5.0",
      "resolved": "https://registry.npmjs.org/bindings/-/bindings-1.5.0.tgz",
      "integrity": "sha512-p2q/t/mhvuOj/UeLlV6566GD/guowlr0hHxClI0W9m7MWYkL1F0hLo+0Aexs9HSPCtR1SXQ0TD3MMKrXZajbiQ==",
      "requires": {
        "file-uri-to-path": "1.0.0"
      }
    },
    "call-bind": {
      "version": "1.0.2",
      "resolved": "https://registry.npmjs.org/call-bind/-/call-bind-1.0.2.tgz",
      "integrity": "sha512-7O+FbCihrB5WGbFYesctwmTKae6rOiIzmz1icreWJ+0aA7LJfuqhEso2T9ncpcFtzMQtzXf2QGGueWJGTYsqrA==",
      "requires": {
        "function-bind": "^1.1.1",
        "get-intrinsic": "^1.0.2"
      }
    },
    "case": {
      "version": "1.6.3",
      "resolved": "https://registry.npmjs.org/case/-/case-1.6.3.tgz",
      "integrity": "sha512-mzDSXIPaFwVDvZAHqZ9VlbyF4yyXRuX6IvB06WvPYkqJVO24kX1PPhv9bfpKNFZyxYFmmgo03HUiD8iklmJYRQ=="
    },
    "chalk": {
      "version": "5.3.0",
      "resolved": "https://registry.npmjs.org/chalk/-/chalk-5.3.0.tgz",
      "integrity": "sha512-dLitG79d+GV1Nb/VYcCDFivJeK1hiukt9QjRNVOsUtTy1rR1YJsmpGGTZ3qJos+uw7WmWF4wUwBd9jxjocFC2w=="
    },
    "eventsource": {
      "version": "2.0.2",
      "resolved": "https://registry.npmjs.org/eventsource/-/eventsource-2.0.2.tgz",
      "integrity": "sha512-IzUmBGPR3+oUG9dUeXynyNmf91/3zUSJg1lCktzKw47OXuhco54U3r9B7O4XX+Rb1Itm9OZ2b0RkTs10bICOxA=="
    },
    "file-uri-to-path": {
      "version": "1.0.0",
      "resolved": "https://registry.npmjs.org/file-uri-to-path/-/file-uri-to-path-1.0.0.tgz",
      "integrity": "sha512-0Zt+s3L7Vf1biwWZ29aARiVYLx7iMGnEUl9x33fbB/j3jR81u/O2LbqK+Bm1CDSNDKVtJ/YjwY7TUd5SkeLQLw=="
    },
    "function-bind": {
      "version": "1.1.1",
      "resolved": "https://registry.npmjs.org/function-bind/-/function-bind-1.1.1.tgz",
      "integrity": "sha512-yIovAzMX49sF8Yl58fSCWJ5svSLuaibPxXQJFLmBObTuCr0Mf1KiPopGM9NiFjiYBCbfaa2Fh6breQ6ANVTI0A=="
    },
    "get-intrinsic": {
      "version": "1.2.1",
      "resolved": "https://registry.npmjs.org/get-intrinsic/-/get-intrinsic-1.2.1.tgz",
      "integrity": "sha512-2DcsyfABl+gVHEfCOaTrWgyt+tb6MSEGmKq+kI5HwLbIYgjgmMcV8KQ41uaKz1xxUcn9tJtgFbQUEVcEbd0FYw==",
      "requires": {
        "function-bind": "^1.1.1",
        "has": "^1.0.3",
        "has-proto": "^1.0.1",
        "has-symbols": "^1.0.3"
      }
    },
    "has": {
      "version": "1.0.3",
      "resolved": "https://registry.npmjs.org/has/-/has-1.0.3.tgz",
      "integrity": "sha512-f2dvO0VU6Oej7RkWJGrehjbzMAjFp5/VKPp5tTpWIV4JHHZK1/BxbFRtf/siA2SWTe09caDmVtYYzWEIbBS4zw==",
      "requires": {
        "function-bind": "^1.1.1"
      }
    },
    "has-proto": {
      "version": "1.0.1",
      "resolved": "https://registry.npmjs.org/has-proto/-/has-proto-1.0.1.tgz",
      "integrity": "sha512-7qE+iP+O+bgF9clE5+UoBFzE65mlBiVj3tKCrlNQ0Ogwm0BjpT/gK4SlLYDMybDh5I3TCTKnPPa0oMG7JDYrhg=="
    },
    "has-symbols": {
      "version": "1.0.3",
      "resolved": "https://registry.npmjs.org/has-symbols/-/has-symbols-1.0.3.tgz",
      "integrity": "sha512-l3LCuF6MgDNwTDKkdYGEihYjt5pRPbEg46rtlmnSPlUbgmB8LOIrKJbYYFBSbnPaJexMKtiPO8hmeRjRz2Td+A=="
    },
    "js-yaml": {
      "version": "4.1.0",
      "resolved": "https://registry.npmjs.org/js-yaml/-/js-yaml-4.1.0.tgz",
      "integrity": "sha512-wpxZs9NoxZaJESJGIZTyDEaYpl0FKSA+FB9aJiyemKhMwkxQg63h4T1KJgUGHpTqPDNRcmmYLugrRjJlBtWvRA==",
      "requires": {
        "argparse": "^2.0.1"
      }
    },
    "object-inspect": {
      "version": "1.12.3",
      "resolved": "https://registry.npmjs.org/object-inspect/-/object-inspect-1.12.3.tgz",
      "integrity": "sha512-geUvdk7c+eizMNUDkRpW1wJwgfOiOeHbxBR/hLXK1aT6zmVSO0jsQcs7fj6MGw89jC/cjGfLcNOrtMYtGqm81g=="
    },
    "qs": {
      "version": "6.11.2",
      "resolved": "https://registry.npmjs.org/qs/-/qs-6.11.2.tgz",
      "integrity": "sha512-tDNIz22aBzCDxLtVH++VnTfzxlfeK5CbqohpSqpJgj1Wg/cQbStNAz3NuqCs5vV+pjBsK4x4pN9HlVh7rcYRiA==",
      "requires": {
        "side-channel": "^1.0.4"
      }
    },
    "side-channel": {
      "version": "1.0.4",
      "resolved": "https://registry.npmjs.org/side-channel/-/side-channel-1.0.4.tgz",
      "integrity": "sha512-q5XPytqFEIKHkGdiMIrY10mvLRvnQh42/+GoBlFW3b2LXLE2xxJpZFdm94we0BaoV3RwJyGqg5wS7epxTv0Zvw==",
      "requires": {
        "call-bind": "^1.0.0",
        "get-intrinsic": "^1.0.2",
        "object-inspect": "^1.9.0"
      }
    }
  }
}
